{
  "nodes": {
    "nixCats": {
      "inputs": {
        "nixpkgs": [
          "nixpkgs"
        ]
      },
      "locked": {
        "lastModified": 1721770765,
        "narHash": "sha256-urxBs3H99klVPTDg9bzZb6mXRGPrfMzrKHotmdBrpS0=",
        "owner": "BirdeeHub",
        "repo": "nixCats-nvim",
        "rev": "1aa750e117f8ca53ee00f558d97120b3fe296cc7",
        "type": "github"
      },
      "original": {
        "owner": "BirdeeHub",
        "repo": "nixCats-nvim",
        "type": "github"
      }
    },
    "nixpkgs": {
      "locked": {
        "lastModified": 1721622093,
        "narHash": "sha256-iQ+quy3A1EKeFyLyAtjhgSvZHH7r+xybXZkxMhasN4I=",
        "owner": "nixos",
        "repo": "nixpkgs",
        "rev": "453402b94f39f968a7c27df28e060f69e4a50c3b",
        "type": "github"
      },
      "original": {
        "owner": "nixos",
        "ref": "nixpkgs-unstable",
        "repo": "nixpkgs",
        "type": "github"
      }
    },
    "root": {
      "inputs": {
        "nixCats": "nixCats",
        "nixpkgs": "nixpkgs",
        "roslyn-nvim": "roslyn-nvim"
      }
    },
    "roslyn-nvim": {
      "flake": false,
      "locked": {
        "lastModified": 1721941596,
        "narHash": "sha256-nUirwTjda9OK2M8Y6j2pA86yG2d0wF643YObTH3Jt8A=",
        "owner": "seblj",
        "repo": "roslyn.nvim",
        "rev": "070cda8c7db75e9600b0719045c6d1f183a58c4c",
        "type": "github"
      },
      "original": {
        "owner": "seblj",
        "repo": "roslyn.nvim",
        "type": "github"
      }
    }
  },
  "root": "root",
  "version": 7
}
