{
  "nodes": {
    "amneziawg-tools": {
      "flake": false,
      "locked": {
        "lastModified": 1727787762,
        "narHash": "sha256-y6xkOLT9KVD6ACCH60Myk2iA1S8/+tGXEQbOYnu+dPI=",
        "owner": "amnezia-vpn",
        "repo": "amneziawg-tools",
        "rev": "c0b400c6dfc046f5cae8f3051b14cb61686fcf55",
        "type": "github"
      },
      "original": {
        "owner": "amnezia-vpn",
        "repo": "amneziawg-tools",
        "type": "github"
      }
    },
    "call-flake": {
      "locked": {
        "lastModified": 1747534137,
        "narHash": "sha256-11/dQG/vjpfMi4D7ku2o1UtUMf8Sud0KJ/Le44zHIc8=",
        "owner": "divnix",
        "repo": "call-flake",
        "rev": "e44315cc2fb6b7d8bd0c63e9b4050247b5f3bbf1",
        "type": "github"
      },
      "original": {
        "owner": "divnix",
        "repo": "call-flake",
        "type": "github"
      }
    },
    "flake-utils": {
      "inputs": {
        "systems": "systems"
      },
      "locked": {
        "lastModified": 1731533236,
        "narHash": "sha256-l0KFg5HjrsfsO/JpG+r7fRrqm12kzFHyUHqHCVpMMbI=",
        "owner": "numtide",
        "repo": "flake-utils",
        "rev": "11707dc2f618dd54ca8739b309ec4fc024de578b",
        "type": "github"
      },
      "original": {
        "owner": "numtide",
        "repo": "flake-utils",
        "type": "github"
      }
    },
    "nixpkgs": {
      "locked": {
        "lastModified": 1747610100,
        "narHash": "sha256-rpR5ZPMkWzcnCcYYo3lScqfuzEw5Uyfh+R0EKZfroAc=",
        "owner": "NixOS",
        "repo": "nixpkgs",
        "rev": "ca49c4304acf0973078db0a9d200fd2bae75676d",
        "type": "github"
      },
      "original": {
        "owner": "NixOS",
        "ref": "nixos-25.05",
        "repo": "nixpkgs",
        "type": "github"
      }
    },
    "root": {
      "inputs": {
        "amneziawg-tools": "amneziawg-tools",
        "call-flake": "call-flake",
        "flake-utils": "flake-utils",
        "nixpkgs": "nixpkgs"
      }
    },
    "systems": {
      "locked": {
        "lastModified": 1681028828,
        "narHash": "sha256-Vy1rq5AaRuLzOxct8nz4T6wlgyUR7zLU309k9mBC768=",
        "owner": "nix-systems",
        "repo": "default",
        "rev": "da67096a3b9bf56a91d16901293e51ba5b49a27e",
        "type": "github"
      },
      "original": {
        "owner": "nix-systems",
        "repo": "default",
        "type": "github"
      }
    }
  },
  "root": "root",
  "version": 7
}
